# This file is autogenerated, do not edit; changes may be undone by the next 'dep ensure'.


[[projects]]
  digest = "1:76dc72490af7174349349838f2fe118996381b31ea83243812a97e5a0fd5ed55"
  name = "github.com/dgrijalva/jwt-go"
  packages = ["."]
  pruneopts = "UT"
  revision = "06ea1031745cb8b3dab3f6a236daf2b0aa468b7e"
  version = "v3.2.0"

[[projects]]
  digest = "1:ec6f9bf5e274c833c911923c9193867f3f18788c461f76f05f62bb1510e0ae65"
  name = "github.com/go-sql-driver/mysql"
  packages = ["."]
  pruneopts = "UT"
  revision = "72cd26f257d44c1114970e19afddcd812016007e"
  version = "v1.4.1"

[[projects]]
  digest = "1:436e8c1845d92384995e9c93470f639b886dbbc4b49c7babf544f9cc06361198"
  name = "github.com/go-xorm/builder"
  packages = ["."]
  pruneopts = "UT"
  revision = "03eb88feccce3e477c318ce7f6f1b386544ab20b"
  version = "v0.3.3"

[[projects]]
  digest = "1:ec14b8c3b10e27599d7053a97bd28ef36e59cc4247f83b474bca43aaa971eab9"
  name = "github.com/go-xorm/core"
  packages = ["."]
  pruneopts = "UT"
  revision = "c10e21e7e1cec20e09398f2dfae385e58c8df555"
  version = "v0.6.0"

[[projects]]
  digest = "1:4f01359acf1d4bc0aade06dcfca6f7687516f54fbf70b467fe90057c614647f5"
  name = "github.com/go-xorm/xorm"
  packages = ["."]
  pruneopts = "UT"
  revision = "1f39c590c64924f358c0d89016ac9b2bb84e9125"
  version = "v0.7.1"

[[projects]]
  digest = "1:c79fb010be38a59d657c48c6ba1d003a8aa651fa56b579d959d74573b7dff8e1"
  name = "github.com/gorilla/context"
  packages = ["."]
  pruneopts = "UT"
  revision = "08b5f424b9271eedf6f9f0ce86cb9396ed337a42"
  version = "v1.1.1"

[[projects]]
  digest = "1:e73f5b0152105f18bc131fba127d9949305c8693f8a762588a82a48f61756f5f"
  name = "github.com/gorilla/mux"
  packages = ["."]
  pruneopts = "UT"
  revision = "e3702bed27f0d39777b0b37b664b6280e8ef8fbf"
  version = "v1.6.2"

[[projects]]
  digest = "1:d4e6e8584d0a94ce567d237e19192dae44d57d2767ac7e1d7fbf5626d176381a"
  name = "github.com/jinzhu/gorm"
  packages = ["."]
  pruneopts = "UT"
  revision = "472c70caa40267cb89fd8facb07fe6454b578626"
  version = "v1.9.2"

[[projects]]
  branch = "master"
  digest = "1:fd97437fbb6b7dce04132cf06775bd258cce305c44add58eb55ca86c6c325160"
  name = "github.com/jinzhu/inflection"
  packages = ["."]
  pruneopts = "UT"
  revision = "04140366298a54a039076d798123ffa108fff46c"

[[projects]]
  digest = "1:ecd9aa82687cf31d1585d4ac61d0ba180e42e8a6182b85bd785fcca8dfeefc1b"
  name = "github.com/joho/godotenv"
  packages = ["."]
  pruneopts = "UT"
  revision = "23d116af351c84513e1946b527c88823e476be13"
  version = "v1.3.0"

[[projects]]
  digest = "1:c25289f43ac4a68d88b02245742347c94f1e108c534dda442188015ff80669b3"
  name = "google.golang.org/appengine"
  packages = ["cloudsql"]
  pruneopts = "UT"
  revision = "e9657d882bb81064595ca3b56cbe2546bbabf7b1"
  version = "v1.4.0"

[solve-meta]
  analyzer-name = "dep"
  analyzer-version = 1
  input-imports = [
    "github.com/dgrijalva/jwt-go",
    "github.com/go-sql-driver/mysql",
    "github.com/go-xorm/xorm",
    "github.com/gorilla/mux",
    "github.com/jinzhu/gorm",
    "github.com/joho/godotenv",
  ]
  solver-name = "gps-cdcl"
  solver-version = 1
